
Microsoft Visual Studio Solution File, Format Version 12.00
# Visual Studio Version 17
VisualStudioVersion = 17.9.34701.34
MinimumVisualStudioVersion = 10.0.40219.1
Project("{9A19103F-16F7-4668-BE54-9A1E7A4F7556}") = "task1", "task1.csproj", "{475B5265-5E1C-4E37-BD64-FDADDE728234}"
EndProject
Global
	GlobalSection(SolutionConfigurationPlatforms) = preSolution
		Debug|Any CPU = Debug|Any CPU
		Release|Any CPU = Release|Any CPU
	EndGlobalSection
	GlobalSection(ProjectConfigurationPlatforms) = postSolution
		{475B5265-5E1C-4E37-BD64-FDADDE728234}.Debug|Any CPU.ActiveCfg = Debug|Any CPU
		{475B5265-5E1C-4E37-BD64-FDADDE728234}.Debug|Any CPU.Build.0 = Debug|Any CPU
		{475B5265-5E1C-4E37-BD64-FDADDE728234}.Release|Any CPU.ActiveCfg = Release|Any CPU
		{475B5265-5E1C-4E37-BD64-FDADDE728234}.Release|Any CPU.Build.0 = Release|Any CPU
	EndGlobalSection
	GlobalSection(SolutionProperties) = preSolution
		HideSolutionNode = FALSE
	EndGlobalSection
	GlobalSection(ExtensibilityGlobals) = postSolution
		SolutionGuid = {04DAE549-3EB8-473E-A7F5-6FE4BFB4F018}
	EndGlobalSection
EndGlobal
